// !$*UTF8*$!
{
	archiveVersion = 1;
	classes = {
	};
	objectVersion = 56;
	objects = {

/* Begin PBXBuildFile section */
		89BF32462910985B008A51CE /* AppDelegate.swift in Sources */ = {isa = PBXBuildFile; fileRef = 89BF32452910985B008A51CE /* AppDelegate.swift */; };
		89BF32482910985B008A51CE /* SceneDelegate.swift in Sources */ = {isa = PBXBuildFile; fileRef = 89BF32472910985B008A51CE /* SceneDelegate.swift */; };
		89BF324A2910985B008A51CE /* ViewController.swift in Sources */ = {isa = PBXBuildFile; fileRef = 89BF32492910985B008A51CE /* ViewController.swift */; };
		89BF324D2910985B008A51CE /* Main.storyboard in Resources */ = {isa = PBXBuildFile; fileRef = 89BF324B2910985B008A51CE /* Main.storyboard */; };
		89BF324F2910985C008A51CE /* Assets.xcassets in Resources */ = {isa = PBXBuildFile; fileRef = 89BF324E2910985C008A51CE /* Assets.xcassets */; };
		89BF32522910985C008A51CE /* LaunchScreen.storyboard in Resources */ = {isa = PBXBuildFile; fileRef = 89BF32502910985C008A51CE /* LaunchScreen.storyboard */; };
		89BF325A2910987C008A51CE /* Coordinator.swift in Sources */ = {isa = PBXBuildFile; fileRef = 89BF32592910987C008A51CE /* Coordinator.swift */; };
		89BF325C291098FD008A51CE /* Storyboarded.swift in Sources */ = {isa = PBXBuildFile; fileRef = 89BF325B291098FD008A51CE /* Storyboarded.swift */; };
		89BF325E29109A67008A51CE /* MainCoordinator.swift in Sources */ = {isa = PBXBuildFile; fileRef = 89BF325D29109A67008A51CE /* MainCoordinator.swift */; };
		89BF326029109CA4008A51CE /* BuyViewController.swift in Sources */ = {isa = PBXBuildFile; fileRef = 89BF325F29109CA4008A51CE /* BuyViewController.swift */; };
		89BF326229109CAF008A51CE /* CreateAccountViewController.swift in Sources */ = {isa = PBXBuildFile; fileRef = 89BF326129109CAF008A51CE /* CreateAccountViewController.swift */; };
/* End PBXBuildFile section */

/* Begin PBXFileReference section */
		89BF32422910985B008A51CE /* ios-coordinator.app */ = {isa = PBXFileReference; explicitFileType = wrapper.application; includeInIndex = 0; path = "ios-coordinator.app"; sourceTree = BUILT_PRODUCTS_DIR; };
		89BF32452910985B008A51CE /* AppDelegate.swift */ = {isa = PBXFileReference; lastKnownFileType = sourcecode.swift; path = AppDelegate.swift; sourceTree = "<group>"; };
		89BF32472910985B008A51CE /* SceneDelegate.swift */ = {isa = PBXFileReference; lastKnownFileType = sourcecode.swift; path = SceneDelegate.swift; sourceTree = "<group>"; };
		89BF32492910985B008A51CE /* ViewController.swift */ = {isa = PBXFileReference; lastKnownFileType = sourcecode.swift; path = ViewController.swift; sourceTree = "<group>"; };
		89BF324C2910985B008A51CE /* Base */ = {isa = PBXFileReference; lastKnownFileType = file.storyboard; name = Base; path = Base.lproj/Main.storyboard; sourceTree = "<group>"; };
		89BF324E2910985C008A51CE /* Assets.xcassets */ = {isa = PBXFileReference; lastKnownFileType = folder.assetcatalog; path = Assets.xcassets; sourceTree = "<group>"; };
		89BF32512910985C008A51CE /* Base */ = {isa = PBXFileReference; lastKnownFileType = file.storyboard; name = Base; path = Base.lproj/LaunchScreen.storyboard; sourceTree = "<group>"; };
		89BF32532910985C008A51CE /* Info.plist */ = {isa = PBXFileReference; lastKnownFileType = text.plist.xml; path = Info.plist; sourceTree = "<group>"; };
		89BF32592910987C008A51CE /* Coordinator.swift */ = {isa = PBXFileReference; lastKnownFileType = sourcecode.swift; path = Coordinator.swift; sourceTree = "<group>"; };
		89BF325B291098FD008A51CE /* Storyboarded.swift */ = {isa = PBXFileReference; lastKnownFileType = sourcecode.swift; path = Storyboarded.swift; sourceTree = "<group>"; };
		89BF325D29109A67008A51CE /* MainCoordinator.swift */ = {isa = PBXFileReference; lastKnownFileType = sourcecode.swift; path = MainCoordinator.swift; sourceTree = "<group>"; };
		89BF325F29109CA4008A51CE /* BuyViewController.swift */ = {isa = PBXFileReference; lastKnownFileType = sourcecode.swift; path = BuyViewController.swift; sourceTree = "<group>"; };
		89BF326129109CAF008A51CE /* CreateAccountViewController.swift */ = {isa = PBXFileReference; lastKnownFileType = sourcecode.swift; path = CreateAccountViewController.swift; sourceTree = "<group>"; };
/* End PBXFileReference section */

/* Begin PBXFrameworksBuildPhase section */
		89BF323F2910985B008A51CE /* Frameworks */ = {
			isa = PBXFrameworksBuildPhase;
			buildActionMask = 2147483647;
			files = (
			);
			runOnlyForDeploymentPostprocessing = 0;
		};
/* End PBXFrameworksBuildPhase section */

/* Begin PBXGroup section */
		89BF32392910985B008A51CE = {
			isa = PBXGroup;
			children = (
				89BF32442910985B008A51CE /* ios-coordinator */,
				89BF32432910985B008A51CE /* Products */,
			);
			sourceTree = "<group>";
		};
		89BF32432910985B008A51CE /* Products */ = {
			isa = PBXGroup;
			children = (
				89BF32422910985B008A51CE /* ios-coordinator.app */,
			);
			name = Products;
			sourceTree = "<group>";
		};
		89BF32442910985B008A51CE /* ios-coordinator */ = {
			isa = PBXGroup;
			children = (
				89BF32452910985B008A51CE /* AppDelegate.swift */,
				89BF32472910985B008A51CE /* SceneDelegate.swift */,
				89BF32492910985B008A51CE /* ViewController.swift */,
				89BF324B2910985B008A51CE /* Main.storyboard */,
				89BF324E2910985C008A51CE /* Assets.xcassets */,
				89BF32502910985C008A51CE /* LaunchScreen.storyboard */,
				89BF32532910985C008A51CE /* Info.plist */,
				89BF32592910987C008A51CE /* Coordinator.swift */,
				89BF325B291098FD008A51CE /* Storyboarded.swift */,
				89BF325D29109A67008A51CE /* MainCoordinator.swift */,
				89BF325F29109CA4008A51CE /* BuyViewController.swift */,
				89BF326129109CAF008A51CE /* CreateAccountViewController.swift */,
			);
			path = "ios-coordinator";
			sourceTree = "<group>";
		};
/* End PBXGroup section */

/* Begin PBXNativeTarget section */
		89BF32412910985B008A51CE /* ios-coordinator */ = {
			isa = PBXNativeTarget;
			buildConfigurationList = 89BF32562910985C008A51CE /* Build configuration list for PBXNativeTarget "ios-coordinator" */;
			buildPhases = (
				89BF323E2910985B008A51CE /* Sources */,
				89BF323F2910985B008A51CE /* Frameworks */,
				89BF32402910985B008A51CE /* Resources */,
			);
			buildRules = (
			);
			dependencies = (
			);
			name = "ios-coordinator";
			productName = "ios-coordinator";
			productReference = 89BF32422910985B008A51CE /* ios-coordinator.app */;
			productType = "com.apple.product-type.application";
		};
/* End PBXNativeTarget section */

/* Begin PBXProject section */
		89BF323A2910985B008A51CE /* Project object */ = {
			isa = PBXProject;
			attributes = {
				BuildIndependentTargetsInParallel = 1;
				LastSwiftUpdateCheck = 1400;
				LastUpgradeCheck = 1400;
				TargetAttributes = {
					89BF32412910985B008A51CE = {
						CreatedOnToolsVersion = 14.0.1;
					};
				};
			};
			buildConfigurationList = 89BF323D2910985B008A51CE /* Build configuration list for PBXProject "ios-coordinator" */;
			compatibilityVersion = "Xcode 14.0";
			developmentRegion = en;
			hasScannedForEncodings = 0;
			knownRegions = (
				en,
				Base,
			);
			mainGroup = 89BF32392910985B008A51CE;
			productRefGroup = 89BF32432910985B008A51CE /* Products */;
			projectDirPath = "";
			projectRoot = "";
			targets = (
				89BF32412910985B008A51CE /* ios-coordinator */,
			);
		};
/* End PBXProject section */

/* Begin PBXResourcesBuildPhase section */
		89BF32402910985B008A51CE /* Resources */ = {
			isa = PBXResourcesBuildPhase;
			buildActionMask = 2147483647;
			files = (
				89BF32522910985C008A51CE /* LaunchScreen.storyboard in Resources */,
				89BF324F2910985C008A51CE /* Assets.xcassets in Resources */,
				89BF324D2910985B008A51CE /* Main.storyboard in Resources */,
			);
			runOnlyForDeploymentPostprocessing = 0;
		};
/* End PBXResourcesBuildPhase section */

/* Begin PBXSourcesBuildPhase section */
		89BF323E2910985B008A51CE /* Sources */ = {
			isa = PBXSourcesBuildPhase;
			buildActionMask = 2147483647;
			files = (
				89BF325A2910987C008A51CE /* Coordinator.swift in Sources */,
				89BF325E29109A67008A51CE /* MainCoordinator.swift in Sources */,
				89BF324A2910985B008A51CE /* ViewController.swift in Sources */,
				89BF325C291098FD008A51CE /* Storyboarded.swift in Sources */,
				89BF326229109CAF008A51CE /* CreateAccountViewController.swift in Sources */,
				89BF32462910985B008A51CE /* AppDelegate.swift in Sources */,
				89BF326029109CA4008A51CE /* BuyViewController.swift in Sources */,
				89BF32482910985B008A51CE /* SceneDelegate.swift in Sources */,
			);
			runOnlyForDeploymentPostprocessing = 0;
		};
/* End PBXSourcesBuildPhase section */

/* Begin PBXVariantGroup section */
		89BF324B2910985B008A51CE /* Main.storyboard */ = {
			isa = PBXVariantGroup;
			children = (
				89BF324C2910985B008A51CE /* Base */,
			);
			name = Main.storyboard;
			sourceTree = "<group>";
		};
		89BF32502910985C008A51CE /* LaunchScreen.storyboard */ = {
			isa = PBXVariantGroup;
			children = (
				89BF32512910985C008A51CE /* Base */,
			);
			name = LaunchScreen.storyboard;
			sourceTree = "<group>";
		};
/* End PBXVariantGroup section */

/* Begin XCBuildConfiguration section */
		89BF32542910985C008A51CE /* Debug */ = {
			isa = XCBuildConfiguration;
			buildSettings = {
				ALWAYS_SEARCH_USER_PATHS = NO;
				CLANG_ANALYZER_NONNULL = YES;
				CLANG_ANALYZER_NUMBER_OBJECT_CONVERSION = YES_AGGRESSIVE;
				CLANG_CXX_LANGUAGE_STANDARD = "gnu++20";
				CLANG_ENABLE_MODULES = YES;
				CLANG_ENABLE_OBJC_ARC = YES;
				CLANG_ENABLE_OBJC_WEAK = YES;
				CLANG_WARN_BLOCK_CAPTURE_AUTORELEASING = YES;
				CLANG_WARN_BOOL_CONVERSION = YES;
				CLANG_WARN_COMMA = YES;
				CLANG_WARN_CONSTANT_CONVERSION = YES;
				CLANG_WARN_DEPRECATED_OBJC_IMPLEMENTATIONS = YES;
				CLANG_WARN_DIRECT_OBJC_ISA_USAGE = YES_ERROR;
				CLANG_WARN_DOCUMENTATION_COMMENTS = YES;
				CLANG_WARN_EMPTY_BODY = YES;
				CLANG_WARN_ENUM_CONVERSION = YES;
				CLANG_WARN_INFINITE_RECURSION = YES;
				CLANG_WARN_INT_CONVERSION = YES;
				CLANG_WARN_NON_LITERAL_NULL_CONVERSION = YES;
				CLANG_WARN_OBJC_IMPLICIT_RETAIN_SELF = YES;
				CLANG_WARN_OBJC_LITERAL_CONVERSION = YES;
				CLANG_WARN_OBJC_ROOT_CLASS = YES_ERROR;
				CLANG_WARN_QUOTED_INCLUDE_IN_FRAMEWORK_HEADER = YES;
				CLANG_WARN_RANGE_LOOP_ANALYSIS = YES;
				CLANG_WARN_STRICT_PROTOTYPES = YES;
				CLANG_WARN_SUSPICIOUS_MOVE = YES;
				CLANG_WARN_UNGUARDED_AVAILABILITY = YES_AGGRESSIVE;
				CLANG_WARN_UNREACHABLE_CODE = YES;
				CLANG_WARN__DUPLICATE_METHOD_MATCH = YES;
				COPY_PHASE_STRIP = NO;
				DEBUG_INFORMATION_FORMAT = dwarf;
				ENABLE_STRICT_OBJC_MSGSEND = YES;
				ENABLE_TESTABILITY = YES;
				GCC_C_LANGUAGE_STANDARD = gnu11;
				GCC_DYNAMIC_NO_PIC = NO;
				GCC_NO_COMMON_BLOCKS = YES;
				GCC_OPTIMIZATION_LEVEL = 0;
				GCC_PREPROCESSOR_DEFINITIONS = (
					"DEBUG=1",
					"$(inherited)",
				);
				GCC_WARN_64_TO_32_BIT_CONVERSION = YES;
				GCC_WARN_ABOUT_RETURN_TYPE = YES_ERROR;
				GCC_WARN_UNDECLARED_SELECTOR = YES;
				GCC_WARN_UNINITIALIZED_AUTOS = YES_AGGRESSIVE;
				GCC_WARN_UNUSED_FUNCTION = YES;
				GCC_WARN_UNUSED_VARIABLE = YES;
				IPHONEOS_DEPLOYMENT_TARGET = 16.0;
				MTL_ENABLE_DEBUG_INFO = INCLUDE_SOURCE;
				MTL_FAST_MATH = YES;
				ONLY_ACTIVE_ARCH = YES;
				SDKROOT = iphoneos;
				SWIFT_ACTIVE_COMPILATION_CONDITIONS = DEBUG;
				SWIFT_OPTIMIZATION_LEVEL = "-Onone";
			};
			name = Debug;
		};
		89BF32552910985C008A51CE /* Release */ = {
			isa = XCBuildConfiguration;
			buildSettings = {
				ALWAYS_SEARCH_USER_PATHS = NO;
				CLANG_ANALYZER_NONNULL = YES;
				CLANG_ANALYZER_NUMBER_OBJECT_CONVERSION = YES_AGGRESSIVE;
				CLANG_CXX_LANGUAGE_STANDARD = "gnu++20";
				CLANG_ENABLE_MODULES = YES;
				CLANG_ENABLE_OBJC_ARC = YES;
				CLANG_ENABLE_OBJC_WEAK = YES;
				CLANG_WARN_BLOCK_CAPTURE_AUTORELEASING = YES;
				CLANG_WARN_BOOL_CONVERSION = YES;
				CLANG_WARN_COMMA = YES;
				CLANG_WARN_CONSTANT_CONVERSION = YES;
				CLANG_WARN_DEPRECATED_OBJC_IMPLEMENTATIONS = YES;
				CLANG_WARN_DIRECT_OBJC_ISA_USAGE = YES_ERROR;
				CLANG_WARN_DOCUMENTATION_COMMENTS = YES;
				CLANG_WARN_EMPTY_BODY = YES;
				CLANG_WARN_ENUM_CONVERSION = YES;
				CLANG_WARN_INFINITE_RECURSION = YES;
				CLANG_WARN_INT_CONVERSION = YES;
				CLANG_WARN_NON_LITERAL_NULL_CONVERSION = YES;
				CLANG_WARN_OBJC_IMPLICIT_RETAIN_SELF = YES;
				CLANG_WARN_OBJC_LITERAL_CONVERSION = YES;
				CLANG_WARN_OBJC_ROOT_CLASS = YES_ERROR;
				CLANG_WARN_QUOTED_INCLUDE_IN_FRAMEWORK_HEADER = YES;
				CLANG_WARN_RANGE_LOOP_ANALYSIS = YES;
				CLANG_WARN_STRICT_PROTOTYPES = YES;
				CLANG_WARN_SUSPICIOUS_MOVE = YES;
				CLANG_WARN_UNGUARDED_AVAILABILITY = YES_AGGRESSIVE;
				CLANG_WARN_UNREACHABLE_CODE = YES;
				CLANG_WARN__DUPLICATE_METHOD_MATCH = YES;
				COPY_PHASE_STRIP = NO;
				DEBUG_INFORMATION_FORMAT = "dwarf-with-dsym";
				ENABLE_NS_ASSERTIONS = NO;
				ENABLE_STRICT_OBJC_MSGSEND = YES;
				GCC_C_LANGUAGE_STANDARD = gnu11;
				GCC_NO_COMMON_BLOCKS = YES;
				GCC_WARN_64_TO_32_BIT_CONVERSION = YES;
				GCC_WARN_ABOUT_RETURN_TYPE = YES_ERROR;
				GCC_WARN_UNDECLARED_SELECTOR = YES;
				GCC_WARN_UNINITIALIZED_AUTOS = YES_AGGRESSIVE;
				GCC_WARN_UNUSED_FUNCTION = YES;
				GCC_WARN_UNUSED_VARIABLE = YES;
				IPHONEOS_DEPLOYMENT_TARGET = 16.0;
				MTL_ENABLE_DEBUG_INFO = NO;
				MTL_FAST_MATH = YES;
				SDKROOT = iphoneos;
				SWIFT_COMPILATION_MODE = wholemodule;
				SWIFT_OPTIMIZATION_LEVEL = "-O";
				VALIDATE_PRODUCT = YES;
			};
			name = Release;
		};
		89BF32572910985C008A51CE /* Debug */ = {
			isa = XCBuildConfiguration;
			buildSettings = {
				ASSETCATALOG_COMPILER_APPICON_NAME = AppIcon;
				ASSETCATALOG_COMPILER_GLOBAL_ACCENT_COLOR_NAME = AccentColor;
				CODE_SIGN_STYLE = Automatic;
				CURRENT_PROJECT_VERSION = 1;
				DEVELOPMENT_TEAM = CWWB8679GU;
				GENERATE_INFOPLIST_FILE = YES;
				INFOPLIST_FILE = "ios-coordinator/Info.plist";
				INFOPLIST_KEY_UIApplicationSupportsIndirectInputEvents = YES;
				INFOPLIST_KEY_UILaunchStoryboardName = LaunchScreen;
				INFOPLIST_KEY_UIMainStoryboardFile = Main;
				INFOPLIST_KEY_UISupportedInterfaceOrientations_iPad = "UIInterfaceOrientationPortrait UIInterfaceOrientationPortraitUpsideDown UIInterfaceOrientationLandscapeLeft UIInterfaceOrientationLandscapeRight";
				INFOPLIST_KEY_UISupportedInterfaceOrientations_iPhone = "UIInterfaceOrientationPortrait UIInterfaceOrientationLandscapeLeft UIInterfaceOrientationLandscapeRight";
				LD_RUNPATH_SEARCH_PATHS = (
					"$(inherited)",
					"@executable_path/Frameworks",
				);
				MARKETING_VERSION = 1.0;
				PRODUCT_BUNDLE_IDENTIFIER = "com.angelcomp.ios-coordinator";
				PRODUCT_NAME = "$(TARGET_NAME)";
				SWIFT_EMIT_LOC_STRINGS = YES;
				SWIFT_VERSION = 5.0;
				TARGETED_DEVICE_FAMILY = "1,2";
			};
			name = Debug;
		};
		89BF32582910985C008A51CE /* Release */ = {
			isa = XCBuildConfiguration;
			buildSettings = {
				ASSETCATALOG_COMPILER_APPICON_NAME = AppIcon;
				ASSETCATALOG_COMPILER_GLOBAL_ACCENT_COLOR_NAME = AccentColor;
				CODE_SIGN_STYLE = Automatic;
				CURRENT_PROJECT_VERSION = 1;
				DEVELOPMENT_TEAM = CWWB8679GU;
				GENERATE_INFOPLIST_FILE = YES;
				INFOPLIST_FILE = "ios-coordinator/Info.plist";
				INFOPLIST_KEY_UIApplicationSupportsIndirectInputEvents = YES;
				INFOPLIST_KEY_UILaunchStoryboardName = LaunchScreen;
				INFOPLIST_KEY_UIMainStoryboardFile = Main;
				INFOPLIST_KEY_UISupportedInterfaceOrientations_iPad = "UIInterfaceOrientationPortrait UIInterfaceOrientationPortraitUpsideDown UIInterfaceOrientationLandscapeLeft UIInterfaceOrientationLandscapeRight";
				INFOPLIST_KEY_UISupportedInterfaceOrientations_iPhone = "UIInterfaceOrientationPortrait UIInterfaceOrientationLandscapeLeft UIInterfaceOrientationLandscapeRight";
				LD_RUNPATH_SEARCH_PATHS = (
					"$(inherited)",
					"@executable_path/Frameworks",
				);
				MARKETING_VERSION = 1.0;
				PRODUCT_BUNDLE_IDENTIFIER = "com.angelcomp.ios-coordinator";
				PRODUCT_NAME = "$(TARGET_NAME)";
				SWIFT_EMIT_LOC_STRINGS = YES;
				SWIFT_VERSION = 5.0;
				TARGETED_DEVICE_FAMILY = "1,2";
			};
			name = Release;
		};
/* End XCBuildConfiguration section */

/* Begin XCConfigurationList section */
		89BF323D2910985B008A51CE /* Build configuration list for PBXProject "ios-coordinator" */ = {
			isa = XCConfigurationList;
			buildConfigurations = (
				89BF32542910985C008A51CE /* Debug */,
				89BF32552910985C008A51CE /* Release */,
			);
			defaultConfigurationIsVisible = 0;
			defaultConfigurationName = Release;
		};
		89BF32562910985C008A51CE /* Build configuration list for PBXNativeTarget "ios-coordinator" */ = {
			isa = XCConfigurationList;
			buildConfigurations = (
				89BF32572910985C008A51CE /* Debug */,
				89BF32582910985C008A51CE /* Release */,
			);
			defaultConfigurationIsVisible = 0;
			defaultConfigurationName = Release;
		};
/* End XCConfigurationList section */
	};
	rootObject = 89BF323A2910985B008A51CE /* Project object */;
}
